
Microsoft Visual Studio Solution File, Format Version 12.00
# Visual Studio Version 17
VisualStudioVersion = 17.0.31912.275
MinimumVisualStudioVersion = 10.0.40219.1
<<<<<<< HEAD
Project("{8BC9CEB8-8B4A-11D0-8D11-00A0C91BC942}") = "Z-Engine", "Source\Z-Engine\Z-Engine.vcxproj", "{1AB6A294-7355-451C-AFF1-064260204497}"
=======
Project("{8BC9CEB8-8B4A-11D0-8D11-00A0C91BC942}") = "Z-Engine", "Z-Engine\Z-Engine.vcxproj", "{1AB6A294-7355-451C-AFF1-064260204497}"
>>>>>>> parent of c8f61cc (assimp not working)
EndProject
Global
	GlobalSection(SolutionConfigurationPlatforms) = preSolution
		Debug|x64 = Debug|x64
		Release|x64 = Release|x64
	EndGlobalSection
	GlobalSection(ProjectConfigurationPlatforms) = postSolution
		{1AB6A294-7355-451C-AFF1-064260204497}.Debug|x64.ActiveCfg = Debug|x64
		{1AB6A294-7355-451C-AFF1-064260204497}.Debug|x64.Build.0 = Debug|x64
		{1AB6A294-7355-451C-AFF1-064260204497}.Release|x64.ActiveCfg = Release|x64
		{1AB6A294-7355-451C-AFF1-064260204497}.Release|x64.Build.0 = Release|x64
<<<<<<< HEAD
		{1AB6A294-7355-451C-AFF1-064260204497}.Release|x86.ActiveCfg = Release|Win32
		{1AB6A294-7355-451C-AFF1-064260204497}.Release|x86.Build.0 = Release|Win32
		{1AB6A294-7355-451C-AFF1-064260204497}.RelWithDebInfo|x64.ActiveCfg = Release|x64
		{1AB6A294-7355-451C-AFF1-064260204497}.RelWithDebInfo|x64.Build.0 = Release|x64
		{1AB6A294-7355-451C-AFF1-064260204497}.RelWithDebInfo|x86.ActiveCfg = Release|Win32
		{1AB6A294-7355-451C-AFF1-064260204497}.RelWithDebInfo|x86.Build.0 = Release|Win32
=======
>>>>>>> parent of c8f61cc (assimp not working)
	EndGlobalSection
	GlobalSection(SolutionProperties) = preSolution
		HideSolutionNode = FALSE
	EndGlobalSection
	GlobalSection(ExtensibilityGlobals) = postSolution
		SolutionGuid = {3BBEFEE3-92D3-48D8-9BD0-E4EF7C126AF0}
	EndGlobalSection
EndGlobal
