<?xml version="1.0" encoding="utf-8"?>
<Project ToolsVersion="4.0" xmlns="http://schemas.microsoft.com/developer/msbuild/2003">
  <ItemGroup>
    <Filter Include="Glacier">
      <UniqueIdentifier>{5CF92660-C8D8-A5FB-D1F0-30D23D4F0C5D}</UniqueIdentifier>
    </Filter>
    <Filter Include="Glacier\Layer">
      <UniqueIdentifier>{288BE4E6-944B-601D-5D86-A99AC905A5F9}</UniqueIdentifier>
    </Filter>
    <Filter Include="Glacier\Panels">
      <UniqueIdentifier>{2E8AC4CC-1A58-B8D2-03EC-28F9EF589437}</UniqueIdentifier>
    </Filter>
    <Filter Include="Glacier\Utilities">
      <UniqueIdentifier>{C7809770-3397-9506-7C0E-2128E863668E}</UniqueIdentifier>
    </Filter>
    <Filter Include="Playground">
      <UniqueIdentifier>{0A67447D-F61E-86CA-5F26-5F264BFD20BB}</UniqueIdentifier>
    </Filter>
  </ItemGroup>
  <ItemGroup>
    <ClInclude Include="src\Glacier\Layer\EditorLayer.h">
      <Filter>Glacier\Layer</Filter>
    </ClInclude>
    <ClInclude Include="src\Glacier\Panels\SceneHierarchyPanel.h">
      <Filter>Glacier\Panels</Filter>
    </ClInclude>
    <ClInclude Include="src\Glacier\Panels\ViewportPanel.h">
      <Filter>Glacier\Panels</Filter>
    </ClInclude>
    <ClInclude Include="src\Glacier\Utilities\Utilities.h">
      <Filter>Glacier\Utilities</Filter>
    </ClInclude>
    <ClInclude Include="src\Playground\Playground.h">
      <Filter>Playground</Filter>
    </ClInclude>
    <ClInclude Include="src\Glacier\Panels\PerformancePanel.h" />
  </ItemGroup>
  <ItemGroup>
    <ClCompile Include="src\Glacier\Layer\EditorLayer.cpp">
      <Filter>Glacier\Layer</Filter>
    </ClCompile>
    <ClCompile Include="src\Glacier\Panels\SceneHierarchyPanel.cpp">
      <Filter>Glacier\Panels</Filter>
    </ClCompile>
    <ClCompile Include="src\Glacier\Panels\ViewportPanel.cpp">
      <Filter>Glacier\Panels</Filter>
    </ClCompile>
    <ClCompile Include="src\Playground\Playground.cpp">
      <Filter>Playground</Filter>
    </ClCompile>
    <ClCompile Include="src\Glacier\Panels\PerformancePanel.cpp" />
  </ItemGroup>
</Project>